// !$*UTF8*$!
{
	archiveVersion = 1;
	classes = {
	};
	objectVersion = 50;
	objects = {

/* Begin PBXBuildFile section */
		23DA126C254B1F0E0006983B /* NinjaPawsApp.swift in Sources */ = {isa = PBXBuildFile; fileRef = 23DA126B254B1F0E0006983B /* NinjaPawsApp.swift */; };
		23DA126E254B1F0E0006983B /* ContentView.swift in Sources */ = {isa = PBXBuildFile; fileRef = 23DA126D254B1F0E0006983B /* ContentView.swift */; };
		23DA1270254B1F110006983B /* Assets.xcassets in Resources */ = {isa = PBXBuildFile; fileRef = 23DA126F254B1F110006983B /* Assets.xcassets */; };
		23DA1273254B1F110006983B /* Preview Assets.xcassets in Resources */ = {isa = PBXBuildFile; fileRef = 23DA1272254B1F110006983B /* Preview Assets.xcassets */; };
		23DA127C254B23270006983B /* RemoteImage.swift in Sources */ = {isa = PBXBuildFile; fileRef = 23DA127B254B23270006983B /* RemoteImage.swift */; };
		23DA127F254B25E40006983B /* CatPicsDataSource.swift in Sources */ = {isa = PBXBuildFile; fileRef = 23DA127E254B25E40006983B /* CatPicsDataSource.swift */; };
/* End PBXBuildFile section */

/* Begin PBXFileReference section */
		23DA1268254B1F0E0006983B /* NinjaPaws.app */ = {isa = PBXFileReference; explicitFileType = wrapper.application; includeInIndex = 0; path = NinjaPaws.app; sourceTree = BUILT_PRODUCTS_DIR; };
		23DA126B254B1F0E0006983B /* NinjaPawsApp.swift */ = {isa = PBXFileReference; lastKnownFileType = sourcecode.swift; path = NinjaPawsApp.swift; sourceTree = "<group>"; };
		23DA126D254B1F0E0006983B /* ContentView.swift */ = {isa = PBXFileReference; lastKnownFileType = sourcecode.swift; path = ContentView.swift; sourceTree = "<group>"; };
		23DA126F254B1F110006983B /* Assets.xcassets */ = {isa = PBXFileReference; lastKnownFileType = folder.assetcatalog; path = Assets.xcassets; sourceTree = "<group>"; };
		23DA1272254B1F110006983B /* Preview Assets.xcassets */ = {isa = PBXFileReference; lastKnownFileType = folder.assetcatalog; path = "Preview Assets.xcassets"; sourceTree = "<group>"; };
		23DA1274254B1F110006983B /* Info.plist */ = {isa = PBXFileReference; lastKnownFileType = text.plist.xml; path = Info.plist; sourceTree = "<group>"; };
		23DA127B254B23270006983B /* RemoteImage.swift */ = {isa = PBXFileReference; lastKnownFileType = sourcecode.swift; path = RemoteImage.swift; sourceTree = "<group>"; };
		23DA127E254B25E40006983B /* CatPicsDataSource.swift */ = {isa = PBXFileReference; lastKnownFileType = sourcecode.swift; path = CatPicsDataSource.swift; sourceTree = "<group>"; };
/* End PBXFileReference section */

/* Begin PBXFrameworksBuildPhase section */
		23DA1265254B1F0E0006983B /* Frameworks */ = {
			isa = PBXFrameworksBuildPhase;
			buildActionMask = 2147483647;
			files = (
			);
			runOnlyForDeploymentPostprocessing = 0;
		};
/* End PBXFrameworksBuildPhase section */

/* Begin PBXGroup section */
		23DA125F254B1F0E0006983B = {
			isa = PBXGroup;
			children = (
				23DA126A254B1F0E0006983B /* NinjaPaws */,
				23DA1269254B1F0E0006983B /* Products */,
			);
			sourceTree = "<group>";
		};
		23DA1269254B1F0E0006983B /* Products */ = {
			isa = PBXGroup;
			children = (
				23DA1268254B1F0E0006983B /* NinjaPaws.app */,
			);
			name = Products;
			sourceTree = "<group>";
		};
		23DA126A254B1F0E0006983B /* NinjaPaws */ = {
			isa = PBXGroup;
			children = (
				23DA126B254B1F0E0006983B /* NinjaPawsApp.swift */,
				23DA126D254B1F0E0006983B /* ContentView.swift */,
				23DA126F254B1F110006983B /* Assets.xcassets */,
				23DA1274254B1F110006983B /* Info.plist */,
				23DA1271254B1F110006983B /* Preview Content */,
				23DA127B254B23270006983B /* RemoteImage.swift */,
				23DA127E254B25E40006983B /* CatPicsDataSource.swift */,
			);
			path = NinjaPaws;
			sourceTree = "<group>";
		};
		23DA1271254B1F110006983B /* Preview Content */ = {
			isa = PBXGroup;
			children = (
				23DA1272254B1F110006983B /* Preview Assets.xcassets */,
			);
			path = "Preview Content";
			sourceTree = "<group>";
		};
/* End PBXGroup section */

/* Begin PBXNativeTarget section */
		23DA1267254B1F0E0006983B /* NinjaPaws */ = {
			isa = PBXNativeTarget;
			buildConfigurationList = 23DA1277254B1F110006983B /* Build configuration list for PBXNativeTarget "NinjaPaws" */;
			buildPhases = (
				23DA1264254B1F0E0006983B /* Sources */,
				23DA1265254B1F0E0006983B /* Frameworks */,
				23DA1266254B1F0E0006983B /* Resources */,
			);
			buildRules = (
			);
			dependencies = (
			);
			name = NinjaPaws;
			productName = NinjaPaws;
			productReference = 23DA1268254B1F0E0006983B /* NinjaPaws.app */;
			productType = "com.apple.product-type.application";
		};
/* End PBXNativeTarget section */

/* Begin PBXProject section */
		23DA1260254B1F0E0006983B /* Project object */ = {
			isa = PBXProject;
			attributes = {
				LastSwiftUpdateCheck = 1200;
				LastUpgradeCheck = 1200;
				TargetAttributes = {
					23DA1267254B1F0E0006983B = {
						CreatedOnToolsVersion = 12.0;
					};
				};
			};
			buildConfigurationList = 23DA1263254B1F0E0006983B /* Build configuration list for PBXProject "NinjaPaws" */;
			compatibilityVersion = "Xcode 9.3";
			developmentRegion = en;
			hasScannedForEncodings = 0;
			knownRegions = (
				en,
				Base,
			);
			mainGroup = 23DA125F254B1F0E0006983B;
			productRefGroup = 23DA1269254B1F0E0006983B /* Products */;
			projectDirPath = "";
			projectRoot = "";
			targets = (
				23DA1267254B1F0E0006983B /* NinjaPaws */,
			);
		};
/* End PBXProject section */

/* Begin PBXResourcesBuildPhase section */
		23DA1266254B1F0E0006983B /* Resources */ = {
			isa = PBXResourcesBuildPhase;
			buildActionMask = 2147483647;
			files = (
				23DA1273254B1F110006983B /* Preview Assets.xcassets in Resources */,
				23DA1270254B1F110006983B /* Assets.xcassets in Resources */,
			);
			runOnlyForDeploymentPostprocessing = 0;
		};
/* End PBXResourcesBuildPhase section */

/* Begin PBXSourcesBuildPhase section */
		23DA1264254B1F0E0006983B /* Sources */ = {
			isa = PBXSourcesBuildPhase;
			buildActionMask = 2147483647;
			files = (
				23DA127F254B25E40006983B /* CatPicsDataSource.swift in Sources */,
				23DA127C254B23270006983B /* RemoteImage.swift in Sources */,
				23DA126E254B1F0E0006983B /* ContentView.swift in Sources */,
				23DA126C254B1F0E0006983B /* NinjaPawsApp.swift in Sources */,
			);
			runOnlyForDeploymentPostprocessing = 0;
		};
/* End PBXSourcesBuildPhase section */

/* Begin XCBuildConfiguration section */
		23DA1275254B1F110006983B /* Debug */ = {
			isa = XCBuildConfiguration;
			buildSettings = {
				ALWAYS_SEARCH_USER_PATHS = NO;
				CLANG_ANALYZER_NONNULL = YES;
				CLANG_ANALYZER_NUMBER_OBJECT_CONVERSION = YES_AGGRESSIVE;
				CLANG_CXX_LANGUAGE_STANDARD = "gnu++14";
				CLANG_CXX_LIBRARY = "libc++";
				CLANG_ENABLE_MODULES = YES;
				CLANG_ENABLE_OBJC_ARC = YES;
				CLANG_ENABLE_OBJC_WEAK = YES;
				CLANG_WARN_BLOCK_CAPTURE_AUTORELEASING = YES;
				CLANG_WARN_BOOL_CONVERSION = YES;
				CLANG_WARN_COMMA = YES;
				CLANG_WARN_CONSTANT_CONVERSION = YES;
				CLANG_WARN_DEPRECATED_OBJC_IMPLEMENTATIONS = YES;
				CLANG_WARN_DIRECT_OBJC_ISA_USAGE = YES_ERROR;
				CLANG_WARN_DOCUMENTATION_COMMENTS = YES;
				CLANG_WARN_EMPTY_BODY = YES;
				CLANG_WARN_ENUM_CONVERSION = YES;
				CLANG_WARN_INFINITE_RECURSION = YES;
				CLANG_WARN_INT_CONVERSION = YES;
				CLANG_WARN_NON_LITERAL_NULL_CONVERSION = YES;
				CLANG_WARN_OBJC_IMPLICIT_RETAIN_SELF = YES;
				CLANG_WARN_OBJC_LITERAL_CONVERSION = YES;
				CLANG_WARN_OBJC_ROOT_CLASS = YES_ERROR;
				CLANG_WARN_QUOTED_INCLUDE_IN_FRAMEWORK_HEADER = YES;
				CLANG_WARN_RANGE_LOOP_ANALYSIS = YES;
				CLANG_WARN_STRICT_PROTOTYPES = YES;
				CLANG_WARN_SUSPICIOUS_MOVE = YES;
				CLANG_WARN_UNGUARDED_AVAILABILITY = YES_AGGRESSIVE;
				CLANG_WARN_UNREACHABLE_CODE = YES;
				CLANG_WARN__DUPLICATE_METHOD_MATCH = YES;
				COPY_PHASE_STRIP = NO;
				DEBUG_INFORMATION_FORMAT = dwarf;
				ENABLE_STRICT_OBJC_MSGSEND = YES;
				ENABLE_TESTABILITY = YES;
				GCC_C_LANGUAGE_STANDARD = gnu11;
				GCC_DYNAMIC_NO_PIC = NO;
				GCC_NO_COMMON_BLOCKS = YES;
				GCC_OPTIMIZATION_LEVEL = 0;
				GCC_PREPROCESSOR_DEFINITIONS = (
					"DEBUG=1",
					"$(inherited)",
				);
				GCC_WARN_64_TO_32_BIT_CONVERSION = YES;
				GCC_WARN_ABOUT_RETURN_TYPE = YES_ERROR;
				GCC_WARN_UNDECLARED_SELECTOR = YES;
				GCC_WARN_UNINITIALIZED_AUTOS = YES_AGGRESSIVE;
				GCC_WARN_UNUSED_FUNCTION = YES;
				GCC_WARN_UNUSED_VARIABLE = YES;
				IPHONEOS_DEPLOYMENT_TARGET = 14.0;
				MTL_ENABLE_DEBUG_INFO = INCLUDE_SOURCE;
				MTL_FAST_MATH = YES;
				ONLY_ACTIVE_ARCH = YES;
				SDKROOT = iphoneos;
				SWIFT_ACTIVE_COMPILATION_CONDITIONS = DEBUG;
				SWIFT_OPTIMIZATION_LEVEL = "-Onone";
			};
			name = Debug;
		};
		23DA1276254B1F110006983B /* Release */ = {
			isa = XCBuildConfiguration;
			buildSettings = {
				ALWAYS_SEARCH_USER_PATHS = NO;
				CLANG_ANALYZER_NONNULL = YES;
				CLANG_ANALYZER_NUMBER_OBJECT_CONVERSION = YES_AGGRESSIVE;
				CLANG_CXX_LANGUAGE_STANDARD = "gnu++14";
				CLANG_CXX_LIBRARY = "libc++";
				CLANG_ENABLE_MODULES = YES;
				CLANG_ENABLE_OBJC_ARC = YES;
				CLANG_ENABLE_OBJC_WEAK = YES;
				CLANG_WARN_BLOCK_CAPTURE_AUTORELEASING = YES;
				CLANG_WARN_BOOL_CONVERSION = YES;
				CLANG_WARN_COMMA = YES;
				CLANG_WARN_CONSTANT_CONVERSION = YES;
				CLANG_WARN_DEPRECATED_OBJC_IMPLEMENTATIONS = YES;
				CLANG_WARN_DIRECT_OBJC_ISA_USAGE = YES_ERROR;
				CLANG_WARN_DOCUMENTATION_COMMENTS = YES;
				CLANG_WARN_EMPTY_BODY = YES;
				CLANG_WARN_ENUM_CONVERSION = YES;
				CLANG_WARN_INFINITE_RECURSION = YES;
				CLANG_WARN_INT_CONVERSION = YES;
				CLANG_WARN_NON_LITERAL_NULL_CONVERSION = YES;
				CLANG_WARN_OBJC_IMPLICIT_RETAIN_SELF = YES;
				CLANG_WARN_OBJC_LITERAL_CONVERSION = YES;
				CLANG_WARN_OBJC_ROOT_CLASS = YES_ERROR;
				CLANG_WARN_QUOTED_INCLUDE_IN_FRAMEWORK_HEADER = YES;
				CLANG_WARN_RANGE_LOOP_ANALYSIS = YES;
				CLANG_WARN_STRICT_PROTOTYPES = YES;
				CLANG_WARN_SUSPICIOUS_MOVE = YES;
				CLANG_WARN_UNGUARDED_AVAILABILITY = YES_AGGRESSIVE;
				CLANG_WARN_UNREACHABLE_CODE = YES;
				CLANG_WARN__DUPLICATE_METHOD_MATCH = YES;
				COPY_PHASE_STRIP = NO;
				DEBUG_INFORMATION_FORMAT = "dwarf-with-dsym";
				ENABLE_NS_ASSERTIONS = NO;
				ENABLE_STRICT_OBJC_MSGSEND = YES;
				GCC_C_LANGUAGE_STANDARD = gnu11;
				GCC_NO_COMMON_BLOCKS = YES;
				GCC_WARN_64_TO_32_BIT_CONVERSION = YES;
				GCC_WARN_ABOUT_RETURN_TYPE = YES_ERROR;
				GCC_WARN_UNDECLARED_SELECTOR = YES;
				GCC_WARN_UNINITIALIZED_AUTOS = YES_AGGRESSIVE;
				GCC_WARN_UNUSED_FUNCTION = YES;
				GCC_WARN_UNUSED_VARIABLE = YES;
				IPHONEOS_DEPLOYMENT_TARGET = 14.0;
				MTL_ENABLE_DEBUG_INFO = NO;
				MTL_FAST_MATH = YES;
				SDKROOT = iphoneos;
				SWIFT_COMPILATION_MODE = wholemodule;
				SWIFT_OPTIMIZATION_LEVEL = "-O";
				VALIDATE_PRODUCT = YES;
			};
			name = Release;
		};
		23DA1278254B1F110006983B /* Debug */ = {
			isa = XCBuildConfiguration;
			buildSettings = {
				ASSETCATALOG_COMPILER_APPICON_NAME = AppIcon;
				ASSETCATALOG_COMPILER_GLOBAL_ACCENT_COLOR_NAME = AccentColor;
				CODE_SIGN_STYLE = Automatic;
				DEVELOPMENT_ASSET_PATHS = "\"NinjaPaws/Preview Content\"";
				DEVELOPMENT_TEAM = HRP7WJWH3Y;
				ENABLE_PREVIEWS = YES;
				INFOPLIST_FILE = NinjaPaws/Info.plist;
				IPHONEOS_DEPLOYMENT_TARGET = 14.0;
				LD_RUNPATH_SEARCH_PATHS = (
					"$(inherited)",
					"@executable_path/Frameworks",
				);
				PRODUCT_BUNDLE_IDENTIFIER = bellovic.NinjaPaws;
				PRODUCT_NAME = "$(TARGET_NAME)";
				SWIFT_VERSION = 5.0;
				TARGETED_DEVICE_FAMILY = "1,2";
			};
			name = Debug;
		};
		23DA1279254B1F110006983B /* Release */ = {
			isa = XCBuildConfiguration;
			buildSettings = {
				ASSETCATALOG_COMPILER_APPICON_NAME = AppIcon;
				ASSETCATALOG_COMPILER_GLOBAL_ACCENT_COLOR_NAME = AccentColor;
				CODE_SIGN_STYLE = Automatic;
				DEVELOPMENT_ASSET_PATHS = "\"NinjaPaws/Preview Content\"";
				DEVELOPMENT_TEAM = HRP7WJWH3Y;
				ENABLE_PREVIEWS = YES;
				INFOPLIST_FILE = NinjaPaws/Info.plist;
				IPHONEOS_DEPLOYMENT_TARGET = 14.0;
				LD_RUNPATH_SEARCH_PATHS = (
					"$(inherited)",
					"@executable_path/Frameworks",
				);
				PRODUCT_BUNDLE_IDENTIFIER = bellovic.NinjaPaws;
				PRODUCT_NAME = "$(TARGET_NAME)";
				SWIFT_VERSION = 5.0;
				TARGETED_DEVICE_FAMILY = "1,2";
			};
			name = Release;
		};
/* End XCBuildConfiguration section */

/* Begin XCConfigurationList section */
		23DA1263254B1F0E0006983B /* Build configuration list for PBXProject "NinjaPaws" */ = {
			isa = XCConfigurationList;
			buildConfigurations = (
				23DA1275254B1F110006983B /* Debug */,
				23DA1276254B1F110006983B /* Release */,
			);
			defaultConfigurationIsVisible = 0;
			defaultConfigurationName = Release;
		};
		23DA1277254B1F110006983B /* Build configuration list for PBXNativeTarget "NinjaPaws" */ = {
			isa = XCConfigurationList;
			buildConfigurations = (
				23DA1278254B1F110006983B /* Debug */,
				23DA1279254B1F110006983B /* Release */,
			);
			defaultConfigurationIsVisible = 0;
			defaultConfigurationName = Release;
		};
/* End XCConfigurationList section */
	};
	rootObject = 23DA1260254B1F0E0006983B /* Project object */;
}
